{
  "nodes": {
    "nixpkgs": {
      "locked": {
        "lastModified": 1777433188,
        "narHash": "sha256-hnpao0/R2IvW8fkqpqeJKskc1OTVluCnd44hZkjoKg8=",
        "owner": "NixOS",
        "repo": "nixpkgs",
        "rev": "855fa6b6e407c7dffd9be3f60c4a7897c8cbf500",
        "type": "github"
      },
      "original": {
        "owner": "NixOS",
        "repo": "nixpkgs",
        "type": "github"
      }
    },
    "root": {
      "inputs": {
        "nixpkgs": "nixpkgs"
      }
    }
  },
  "root": "root",
  "version": 7
}
