{
  "nodes": {
    "nixpkgs": {
      "locked": {
        "lastModified": 1773925113,
        "narHash": "sha256-ogwPyKiseiaq2veylFpusAgihbvSPRkrCAyYcEw72p0=",
        "owner": "NixOS",
        "repo": "nixpkgs",
        "rev": "c32aa27b81b30e00ae1dcbcdd6a674f7dd2293ac",
        "type": "github"
      },
      "original": {
        "owner": "NixOS",
        "repo": "nixpkgs",
        "type": "github"
      }
    },
    "root": {
      "inputs": {
        "nixpkgs": "nixpkgs"
      }
    }
  },
  "root": "root",
  "version": 7
}
